
Microsoft Visual Studio Solution File, Format Version 12.00
# Visual Studio Version 16
VisualStudioVersion = 16.0.29503.13
MinimumVisualStudioVersion = 10.0.40219.1
Project("{FAE04EC0-301F-11D3-BF4B-00C04F79EFBC}") = "WebAPI", "WebAPI\WebAPI.csproj", "{64999FAF-6E37-4A96-A590-18078B3E63F1}"
EndProject
Global
	GlobalSection(SolutionConfigurationPlatforms) = preSolution
		Debug|Any CPU = Debug|Any CPU
		Release|Any CPU = Release|Any CPU
	EndGlobalSection
	GlobalSection(ProjectConfigurationPlatforms) = postSolution
		{64999FAF-6E37-4A96-A590-18078B3E63F1}.Debug|Any CPU.ActiveCfg = Debug|Any CPU
		{64999FAF-6E37-4A96-A590-18078B3E63F1}.Debug|Any CPU.Build.0 = Debug|Any CPU
		{64999FAF-6E37-4A96-A590-18078B3E63F1}.Release|Any CPU.ActiveCfg = Release|Any CPU
		{64999FAF-6E37-4A96-A590-18078B3E63F1}.Release|Any CPU.Build.0 = Release|Any CPU
	EndGlobalSection
	GlobalSection(SolutionProperties) = preSolution
		HideSolutionNode = FALSE
	EndGlobalSection
	GlobalSection(ExtensibilityGlobals) = postSolution
		SolutionGuid = {4250405C-C1A4-40D5-9CF2-0F2C9561A507}
	EndGlobalSection
EndGlobal
